
Microsoft Visual Studio Solution File, Format Version 12.00
# Visual Studio Version 16
VisualStudioVersion = 16.0.30114.105
MinimumVisualStudioVersion = 10.0.40219.1
Project("{8BC9CEB8-8B4A-11D0-8D11-00A0C91BC942}") = "OpenCV", "OpenCV\OpenCV.vcxproj", "{22C97136-FD4F-418C-B23D-94422A2EA80C}"
	ProjectSection(ProjectDependencies) = postProject
		{3AF6B86D-258D-406C-9BC3-0F243EE730F1} = {3AF6B86D-258D-406C-9BC3-0F243EE730F1}
	EndProjectSection
EndProject
Project("{8BC9CEB8-8B4A-11D0-8D11-00A0C91BC942}") = "OpenCVDeviceEnumerator", "..\..\OpenCVDeviceEnumerator\OpenCVDeviceEnumerator\OpenCVDeviceEnumerator.vcxproj", "{3AF6B86D-258D-406C-9BC3-0F243EE730F1}"
EndProject
Global
	GlobalSection(SolutionConfigurationPlatforms) = preSolution
		Debug|x64 = Debug|x64
		Debug|x86 = Debug|x86
		Release|x64 = Release|x64
		Release|x86 = Release|x86
	EndGlobalSection
	GlobalSection(ProjectConfigurationPlatforms) = postSolution
		{22C97136-FD4F-418C-B23D-94422A2EA80C}.Debug|x64.ActiveCfg = Debug|x64
		{22C97136-FD4F-418C-B23D-94422A2EA80C}.Debug|x64.Build.0 = Debug|x64
		{22C97136-FD4F-418C-B23D-94422A2EA80C}.Debug|x86.ActiveCfg = Debug|Win32
		{22C97136-FD4F-418C-B23D-94422A2EA80C}.Debug|x86.Build.0 = Debug|Win32
		{22C97136-FD4F-418C-B23D-94422A2EA80C}.Release|x64.ActiveCfg = Release|x64
		{22C97136-FD4F-418C-B23D-94422A2EA80C}.Release|x64.Build.0 = Release|x64
		{22C97136-FD4F-418C-B23D-94422A2EA80C}.Release|x86.ActiveCfg = Debug|Win32
		{22C97136-FD4F-418C-B23D-94422A2EA80C}.Release|x86.Build.0 = Debug|Win32
		{3AF6B86D-258D-406C-9BC3-0F243EE730F1}.Debug|x64.ActiveCfg = Debug|x64
		{3AF6B86D-258D-406C-9BC3-0F243EE730F1}.Debug|x64.Build.0 = Debug|x64
		{3AF6B86D-258D-406C-9BC3-0F243EE730F1}.Debug|x86.ActiveCfg = Debug|Win32
		{3AF6B86D-258D-406C-9BC3-0F243EE730F1}.Debug|x86.Build.0 = Debug|Win32
		{3AF6B86D-258D-406C-9BC3-0F243EE730F1}.Release|x64.ActiveCfg = Release|x64
		{3AF6B86D-258D-406C-9BC3-0F243EE730F1}.Release|x64.Build.0 = Release|x64
		{3AF6B86D-258D-406C-9BC3-0F243EE730F1}.Release|x86.ActiveCfg = Release|Win32
		{3AF6B86D-258D-406C-9BC3-0F243EE730F1}.Release|x86.Build.0 = Release|Win32
	EndGlobalSection
	GlobalSection(SolutionProperties) = preSolution
		HideSolutionNode = FALSE
	EndGlobalSection
	GlobalSection(ExtensibilityGlobals) = postSolution
		SolutionGuid = {6C8533DB-441F-4A21-AA39-1E95DFA758C0}
	EndGlobalSection
EndGlobal
